<Solution>
    <Folder Name="/src/">
        <Project Path="src/Prolog.Build.Tasks/Prolog.Build.Tasks.csproj" />
        <Project Path="src/Prolog.CodeGen.CSharp/Prolog.CodeGen.CSharp.csproj" />
        <Project Path="src/Prolog.Compiler/Prolog.Compiler.csproj" />
        <Project Path="src/Prolog.DotNetTool/Prolog.DotNetTool.csproj" />
        <Project Path="src/Prolog.Runtime/Prolog.Runtime.csproj" />
        <Project Path="src/Prolog.Syntax/Prolog.Syntax.csproj" />
    </Folder>
    <Folder Name="/tests/">
        <Project Path="tests/Integration/Integration.Tests.csproj" />
        <Project Path="tests/Prolog.CodeGen.CSharp.Tests/Prolog.CodeGen.CSharp.Tests.csproj" />
        <Project Path="tests/Prolog.Compiler.Tests/Prolog.Compiler.Tests.csproj" />
        <Project Path="tests/Prolog.Runtime.Tests/Prolog.Runtime.Tests.csproj" />
        <Project Path="tests/Prolog.Syntax.Tests/Prolog.Syntax.Tests.csproj" />
    </Folder>
    <Folder Name="/samples/">
        <Project Path="samples/AotAcceptance/AotAcceptance.csproj" />
        <Project Path="samples/PricingConsole/PricingConsole.csproj" />
        <!-- .dplproj is not an extension the solution format knows, so its type is stated. -->
        <Project Path="samples/PricingRules/PricingRules.dplproj" Type="C#" />
    </Folder>
    <Folder Name="/benchmarks/">
        <Project Path="benchmarks/Prolog.Benchmarks/Prolog.Benchmarks.csproj" />
    </Folder>
</Solution>
